
Microsoft Visual Studio Solution File, Format Version 12.00
# Visual Studio Version 16
VisualStudioVersion = 16.0.31005.135
MinimumVisualStudioVersion = 10.0.40219.1
Project("{2150E333-8FDC-42A3-9474-1A3956D46DE8}") = "MysqlDapper", "MysqlDapper", "{86B02201-03F9-479F-959C-3EB7E33C2D5D}"
EndProject
Project("{9A19103F-16F7-4668-BE54-9A1E7A4F7556}") = "DapperMysqlExtend", "Dapper\DapperExtend\DapperMysqlExtend.csproj", "{D9F61F03-FFE2-447B-A4BD-D4570D9FCD2C}"
EndProject
Project("{9A19103F-16F7-4668-BE54-9A1E7A4F7556}") = "yy.blog.fileServices", "yy.blog.fileServices\yy.blog.fileServices.csproj", "{0E03A102-81B9-4D71-B1A5-E22C4DF27EA4}"
EndProject
Global
	GlobalSection(SolutionConfigurationPlatforms) = preSolution
		Debug|Any CPU = Debug|Any CPU
		Release|Any CPU = Release|Any CPU
	EndGlobalSection
	GlobalSection(ProjectConfigurationPlatforms) = postSolution
		{D9F61F03-FFE2-447B-A4BD-D4570D9FCD2C}.Debug|Any CPU.ActiveCfg = Debug|Any CPU
		{D9F61F03-FFE2-447B-A4BD-D4570D9FCD2C}.Debug|Any CPU.Build.0 = Debug|Any CPU
		{D9F61F03-FFE2-447B-A4BD-D4570D9FCD2C}.Release|Any CPU.ActiveCfg = Release|Any CPU
		{D9F61F03-FFE2-447B-A4BD-D4570D9FCD2C}.Release|Any CPU.Build.0 = Release|Any CPU
		{0E03A102-81B9-4D71-B1A5-E22C4DF27EA4}.Debug|Any CPU.ActiveCfg = Debug|Any CPU
		{0E03A102-81B9-4D71-B1A5-E22C4DF27EA4}.Debug|Any CPU.Build.0 = Debug|Any CPU
		{0E03A102-81B9-4D71-B1A5-E22C4DF27EA4}.Release|Any CPU.ActiveCfg = Release|Any CPU
		{0E03A102-81B9-4D71-B1A5-E22C4DF27EA4}.Release|Any CPU.Build.0 = Release|Any CPU
	EndGlobalSection
	GlobalSection(SolutionProperties) = preSolution
		HideSolutionNode = FALSE
	EndGlobalSection
	GlobalSection(NestedProjects) = preSolution
		{D9F61F03-FFE2-447B-A4BD-D4570D9FCD2C} = {86B02201-03F9-479F-959C-3EB7E33C2D5D}
	EndGlobalSection
	GlobalSection(ExtensibilityGlobals) = postSolution
		SolutionGuid = {87BCB336-097A-4A97-9735-E38ACDB70FDB}
	EndGlobalSection
EndGlobal
